// !$*UTF8*$!
{
	archiveVersion = 1;
	classes = {
	};
	objectVersion = 46;
	objects = {

/* Begin PBXBuildFile section */
		12EDF0701935DFF700E25920 /* Foundation.framework in Frameworks */ = {isa = PBXBuildFile; fileRef = 12EDF06F1935DFF700E25920 /* Foundation.framework */; };
		12EDF0721935DFF700E25920 /* CoreGraphics.framework in Frameworks */ = {isa = PBXBuildFile; fileRef = 12EDF0711935DFF700E25920 /* CoreGraphics.framework */; };
		12EDF0741935DFF700E25920 /* UIKit.framework in Frameworks */ = {isa = PBXBuildFile; fileRef = 12EDF0731935DFF700E25920 /* UIKit.framework */; };
		12EDF07A1935DFF700E25920 /* InfoPlist.strings in Resources */ = {isa = PBXBuildFile; fileRef = 12EDF0781935DFF700E25920 /* InfoPlist.strings */; };
		12EDF07C1935DFF700E25920 /* main.m in Sources */ = {isa = PBXBuildFile; fileRef = 12EDF07B1935DFF700E25920 /* main.m */; };
		12EDF0801935DFF700E25920 /* AppDelegate.m in Sources */ = {isa = PBXBuildFile; fileRef = 12EDF07F1935DFF700E25920 /* AppDelegate.m */; };
		12EDF0821935DFF700E25920 /* Images.xcassets in Resources */ = {isa = PBXBuildFile; fileRef = 12EDF0811935DFF700E25920 /* Images.xcassets */; };
		12EDF0891935DFF700E25920 /* XCTest.framework in Frameworks */ = {isa = PBXBuildFile; fileRef = 12EDF0881935DFF700E25920 /* XCTest.framework */; };
		12EDF08A1935DFF700E25920 /* Foundation.framework in Frameworks */ = {isa = PBXBuildFile; fileRef = 12EDF06F1935DFF700E25920 /* Foundation.framework */; };
		12EDF08B1935DFF700E25920 /* UIKit.framework in Frameworks */ = {isa = PBXBuildFile; fileRef = 12EDF0731935DFF700E25920 /* UIKit.framework */; };
		12EDF0931935DFF700E25920 /* InfoPlist.strings in Resources */ = {isa = PBXBuildFile; fileRef = 12EDF0911935DFF700E25920 /* InfoPlist.strings */; };
		12EDF0951935DFF700E25920 /* enroute_appTests.m in Sources */ = {isa = PBXBuildFile; fileRef = 12EDF0941935DFF700E25920 /* enroute_appTests.m */; };
/* End PBXBuildFile section */

/* Begin PBXContainerItemProxy section */
		12EDF08C1935DFF700E25920 /* PBXContainerItemProxy */ = {
			isa = PBXContainerItemProxy;
			containerPortal = 12EDF0641935DFF700E25920 /* Project object */;
			proxyType = 1;
			remoteGlobalIDString = 12EDF06B1935DFF700E25920;
			remoteInfo = "enroute-app";
		};
/* End PBXContainerItemProxy section */

/* Begin PBXFileReference section */
		12EDF06C1935DFF700E25920 /* enroute-app.app */ = {isa = PBXFileReference; explicitFileType = wrapper.application; includeInIndex = 0; path = "enroute-app.app"; sourceTree = BUILT_PRODUCTS_DIR; };
		12EDF06F1935DFF700E25920 /* Foundation.framework */ = {isa = PBXFileReference; lastKnownFileType = wrapper.framework; name = Foundation.framework; path = System/Library/Frameworks/Foundation.framework; sourceTree = SDKROOT; };
		12EDF0711935DFF700E25920 /* CoreGraphics.framework */ = {isa = PBXFileReference; lastKnownFileType = wrapper.framework; name = CoreGraphics.framework; path = System/Library/Frameworks/CoreGraphics.framework; sourceTree = SDKROOT; };
		12EDF0731935DFF700E25920 /* UIKit.framework */ = {isa = PBXFileReference; lastKnownFileType = wrapper.framework; name = UIKit.framework; path = System/Library/Frameworks/UIKit.framework; sourceTree = SDKROOT; };
		12EDF0771935DFF700E25920 /* enroute-app-Info.plist */ = {isa = PBXFileReference; lastKnownFileType = text.plist.xml; path = "enroute-app-Info.plist"; sourceTree = "<group>"; };
		12EDF0791935DFF700E25920 /* en */ = {isa = PBXFileReference; lastKnownFileType = text.plist.strings; name = en; path = en.lproj/InfoPlist.strings; sourceTree = "<group>"; };
		12EDF07B1935DFF700E25920 /* main.m */ = {isa = PBXFileReference; lastKnownFileType = sourcecode.c.objc; path = main.m; sourceTree = "<group>"; };
		12EDF07D1935DFF700E25920 /* enroute-app-Prefix.pch */ = {isa = PBXFileReference; lastKnownFileType = sourcecode.c.h; path = "enroute-app-Prefix.pch"; sourceTree = "<group>"; };
		12EDF07E1935DFF700E25920 /* AppDelegate.h */ = {isa = PBXFileReference; lastKnownFileType = sourcecode.c.h; path = AppDelegate.h; sourceTree = "<group>"; };
		12EDF07F1935DFF700E25920 /* AppDelegate.m */ = {isa = PBXFileReference; lastKnownFileType = sourcecode.c.objc; path = AppDelegate.m; sourceTree = "<group>"; };
		12EDF0811935DFF700E25920 /* Images.xcassets */ = {isa = PBXFileReference; lastKnownFileType = folder.assetcatalog; path = Images.xcassets; sourceTree = "<group>"; };
		12EDF0871935DFF700E25920 /* enroute-appTests.xctest */ = {isa = PBXFileReference; explicitFileType = wrapper.cfbundle; includeInIndex = 0; path = "enroute-appTests.xctest"; sourceTree = BUILT_PRODUCTS_DIR; };
		12EDF0881935DFF700E25920 /* XCTest.framework */ = {isa = PBXFileReference; lastKnownFileType = wrapper.framework; name = XCTest.framework; path = Library/Frameworks/XCTest.framework; sourceTree = DEVELOPER_DIR; };
		12EDF0901935DFF700E25920 /* enroute-appTests-Info.plist */ = {isa = PBXFileReference; lastKnownFileType = text.plist.xml; path = "enroute-appTests-Info.plist"; sourceTree = "<group>"; };
		12EDF0921935DFF700E25920 /* en */ = {isa = PBXFileReference; lastKnownFileType = text.plist.strings; name = en; path = en.lproj/InfoPlist.strings; sourceTree = "<group>"; };
		12EDF0941935DFF700E25920 /* enroute_appTests.m */ = {isa = PBXFileReference; lastKnownFileType = sourcecode.c.objc; path = enroute_appTests.m; sourceTree = "<group>"; };
/* End PBXFileReference section */

/* Begin PBXFrameworksBuildPhase section */
		12EDF0691935DFF700E25920 /* Frameworks */ = {
			isa = PBXFrameworksBuildPhase;
			buildActionMask = 2147483647;
			files = (
				12EDF0721935DFF700E25920 /* CoreGraphics.framework in Frameworks */,
				12EDF0741935DFF700E25920 /* UIKit.framework in Frameworks */,
				12EDF0701935DFF700E25920 /* Foundation.framework in Frameworks */,
			);
			runOnlyForDeploymentPostprocessing = 0;
		};
		12EDF0841935DFF700E25920 /* Frameworks */ = {
			isa = PBXFrameworksBuildPhase;
			buildActionMask = 2147483647;
			files = (
				12EDF0891935DFF700E25920 /* XCTest.framework in Frameworks */,
				12EDF08B1935DFF700E25920 /* UIKit.framework in Frameworks */,
				12EDF08A1935DFF700E25920 /* Foundation.framework in Frameworks */,
			);
			runOnlyForDeploymentPostprocessing = 0;
		};
/* End PBXFrameworksBuildPhase section */

/* Begin PBXGroup section */
		12EDF0631935DFF700E25920 = {
			isa = PBXGroup;
			children = (
				12EDF0751935DFF700E25920 /* enroute-app */,
				12EDF08E1935DFF700E25920 /* enroute-appTests */,
				12EDF06E1935DFF700E25920 /* Frameworks */,
				12EDF06D1935DFF700E25920 /* Products */,
			);
			sourceTree = "<group>";
		};
		12EDF06D1935DFF700E25920 /* Products */ = {
			isa = PBXGroup;
			children = (
				12EDF06C1935DFF700E25920 /* enroute-app.app */,
				12EDF0871935DFF700E25920 /* enroute-appTests.xctest */,
			);
			name = Products;
			sourceTree = "<group>";
		};
		12EDF06E1935DFF700E25920 /* Frameworks */ = {
			isa = PBXGroup;
			children = (
				12EDF06F1935DFF700E25920 /* Foundation.framework */,
				12EDF0711935DFF700E25920 /* CoreGraphics.framework */,
				12EDF0731935DFF700E25920 /* UIKit.framework */,
				12EDF0881935DFF700E25920 /* XCTest.framework */,
			);
			name = Frameworks;
			sourceTree = "<group>";
		};
		12EDF0751935DFF700E25920 /* enroute-app */ = {
			isa = PBXGroup;
			children = (
				12EDF07E1935DFF700E25920 /* AppDelegate.h */,
				12EDF07F1935DFF700E25920 /* AppDelegate.m */,
				12EDF0811935DFF700E25920 /* Images.xcassets */,
				12EDF0761935DFF700E25920 /* Supporting Files */,
			);
			path = "enroute-app";
			sourceTree = "<group>";
		};
		12EDF0761935DFF700E25920 /* Supporting Files */ = {
			isa = PBXGroup;
			children = (
				12EDF0771935DFF700E25920 /* enroute-app-Info.plist */,
				12EDF0781935DFF700E25920 /* InfoPlist.strings */,
				12EDF07B1935DFF700E25920 /* main.m */,
				12EDF07D1935DFF700E25920 /* enroute-app-Prefix.pch */,
			);
			name = "Supporting Files";
			sourceTree = "<group>";
		};
		12EDF08E1935DFF700E25920 /* enroute-appTests */ = {
			isa = PBXGroup;
			children = (
				12EDF0941935DFF700E25920 /* enroute_appTests.m */,
				12EDF08F1935DFF700E25920 /* Supporting Files */,
			);
			path = "enroute-appTests";
			sourceTree = "<group>";
		};
		12EDF08F1935DFF700E25920 /* Supporting Files */ = {
			isa = PBXGroup;
			children = (
				12EDF0901935DFF700E25920 /* enroute-appTests-Info.plist */,
				12EDF0911935DFF700E25920 /* InfoPlist.strings */,
			);
			name = "Supporting Files";
			sourceTree = "<group>";
		};
/* End PBXGroup section */

/* Begin PBXNativeTarget section */
		12EDF06B1935DFF700E25920 /* enroute-app */ = {
			isa = PBXNativeTarget;
			buildConfigurationList = 12EDF0981935DFF700E25920 /* Build configuration list for PBXNativeTarget "enroute-app" */;
			buildPhases = (
				12EDF0681935DFF700E25920 /* Sources */,
				12EDF0691935DFF700E25920 /* Frameworks */,
				12EDF06A1935DFF700E25920 /* Resources */,
			);
			buildRules = (
			);
			dependencies = (
			);
			name = "enroute-app";
			productName = "enroute-app";
			productReference = 12EDF06C1935DFF700E25920 /* enroute-app.app */;
			productType = "com.apple.product-type.application";
		};
		12EDF0861935DFF700E25920 /* enroute-appTests */ = {
			isa = PBXNativeTarget;
			buildConfigurationList = 12EDF09B1935DFF700E25920 /* Build configuration list for PBXNativeTarget "enroute-appTests" */;
			buildPhases = (
				12EDF0831935DFF700E25920 /* Sources */,
				12EDF0841935DFF700E25920 /* Frameworks */,
				12EDF0851935DFF700E25920 /* Resources */,
			);
			buildRules = (
			);
			dependencies = (
				12EDF08D1935DFF700E25920 /* PBXTargetDependency */,
			);
			name = "enroute-appTests";
			productName = "enroute-appTests";
			productReference = 12EDF0871935DFF700E25920 /* enroute-appTests.xctest */;
			productType = "com.apple.product-type.bundle.unit-test";
		};
/* End PBXNativeTarget section */

/* Begin PBXProject section */
		12EDF0641935DFF700E25920 /* Project object */ = {
			isa = PBXProject;
			attributes = {
				LastUpgradeCheck = 0510;
				ORGANIZATIONNAME = "Stijn Heylen";
				TargetAttributes = {
					12EDF0861935DFF700E25920 = {
						TestTargetID = 12EDF06B1935DFF700E25920;
					};
				};
			};
			buildConfigurationList = 12EDF0671935DFF700E25920 /* Build configuration list for PBXProject "enroute-app" */;
			compatibilityVersion = "Xcode 3.2";
			developmentRegion = English;
			hasScannedForEncodings = 0;
			knownRegions = (
				en,
			);
			mainGroup = 12EDF0631935DFF700E25920;
			productRefGroup = 12EDF06D1935DFF700E25920 /* Products */;
			projectDirPath = "";
			projectRoot = "";
			targets = (
				12EDF06B1935DFF700E25920 /* enroute-app */,
				12EDF0861935DFF700E25920 /* enroute-appTests */,
			);
		};
/* End PBXProject section */

/* Begin PBXResourcesBuildPhase section */
		12EDF06A1935DFF700E25920 /* Resources */ = {
			isa = PBXResourcesBuildPhase;
			buildActionMask = 2147483647;
			files = (
				12EDF07A1935DFF700E25920 /* InfoPlist.strings in Resources */,
				12EDF0821935DFF700E25920 /* Images.xcassets in Resources */,
			);
			runOnlyForDeploymentPostprocessing = 0;
		};
		12EDF0851935DFF700E25920 /* Resources */ = {
			isa = PBXResourcesBuildPhase;
			buildActionMask = 2147483647;
			files = (
				12EDF0931935DFF700E25920 /* InfoPlist.strings in Resources */,
			);
			runOnlyForDeploymentPostprocessing = 0;
		};
/* End PBXResourcesBuildPhase section */

/* Begin PBXSourcesBuildPhase section */
		12EDF0681935DFF700E25920 /* Sources */ = {
			isa = PBXSourcesBuildPhase;
			buildActionMask = 2147483647;
			files = (
				12EDF0801935DFF700E25920 /* AppDelegate.m in Sources */,
				12EDF07C1935DFF700E25920 /* main.m in Sources */,
			);
			runOnlyForDeploymentPostprocessing = 0;
		};
		12EDF0831935DFF700E25920 /* Sources */ = {
			isa = PBXSourcesBuildPhase;
			buildActionMask = 2147483647;
			files = (
				12EDF0951935DFF700E25920 /* enroute_appTests.m in Sources */,
			);
			runOnlyForDeploymentPostprocessing = 0;
		};
/* End PBXSourcesBuildPhase section */

/* Begin PBXTargetDependency section */
		12EDF08D1935DFF700E25920 /* PBXTargetDependency */ = {
			isa = PBXTargetDependency;
			target = 12EDF06B1935DFF700E25920 /* enroute-app */;
			targetProxy = 12EDF08C1935DFF700E25920 /* PBXContainerItemProxy */;
		};
/* End PBXTargetDependency section */

/* Begin PBXVariantGroup section */
		12EDF0781935DFF700E25920 /* InfoPlist.strings */ = {
			isa = PBXVariantGroup;
			children = (
				12EDF0791935DFF700E25920 /* en */,
			);
			name = InfoPlist.strings;
			sourceTree = "<group>";
		};
		12EDF0911935DFF700E25920 /* InfoPlist.strings */ = {
			isa = PBXVariantGroup;
			children = (
				12EDF0921935DFF700E25920 /* en */,
			);
			name = InfoPlist.strings;
			sourceTree = "<group>";
		};
/* End PBXVariantGroup section */

/* Begin XCBuildConfiguration section */
		12EDF0961935DFF700E25920 /* Debug */ = {
			isa = XCBuildConfiguration;
			buildSettings = {
				ALWAYS_SEARCH_USER_PATHS = NO;
				CLANG_CXX_LANGUAGE_STANDARD = "gnu++0x";
				CLANG_CXX_LIBRARY = "libc++";
				CLANG_ENABLE_MODULES = YES;
				CLANG_ENABLE_OBJC_ARC = YES;
				CLANG_WARN_BOOL_CONVERSION = YES;
				CLANG_WARN_CONSTANT_CONVERSION = YES;
				CLANG_WARN_DIRECT_OBJC_ISA_USAGE = YES_ERROR;
				CLANG_WARN_EMPTY_BODY = YES;
				CLANG_WARN_ENUM_CONVERSION = YES;
				CLANG_WARN_INT_CONVERSION = YES;
				CLANG_WARN_OBJC_ROOT_CLASS = YES_ERROR;
				CLANG_WARN__DUPLICATE_METHOD_MATCH = YES;
				"CODE_SIGN_IDENTITY[sdk=iphoneos*]" = "iPhone Developer";
				COPY_PHASE_STRIP = NO;
				GCC_C_LANGUAGE_STANDARD = gnu99;
				GCC_DYNAMIC_NO_PIC = NO;
				GCC_OPTIMIZATION_LEVEL = 0;
				GCC_PREPROCESSOR_DEFINITIONS = (
					"DEBUG=1",
					"$(inherited)",
				);
				GCC_SYMBOLS_PRIVATE_EXTERN = NO;
				GCC_WARN_64_TO_32_BIT_CONVERSION = YES;
				GCC_WARN_ABOUT_RETURN_TYPE = YES_ERROR;
				GCC_WARN_UNDECLARED_SELECTOR = YES;
				GCC_WARN_UNINITIALIZED_AUTOS = YES_AGGRESSIVE;
				GCC_WARN_UNUSED_FUNCTION = YES;
				GCC_WARN_UNUSED_VARIABLE = YES;
				IPHONEOS_DEPLOYMENT_TARGET = 7.1;
				ONLY_ACTIVE_ARCH = YES;
				SDKROOT = iphoneos;
			};
			name = Debug;
		};
		12EDF0971935DFF700E25920 /* Release */ = {
			isa = XCBuildConfiguration;
			buildSettings = {
				ALWAYS_SEARCH_USER_PATHS = NO;
				CLANG_CXX_LANGUAGE_STANDARD = "gnu++0x";
				CLANG_CXX_LIBRARY = "libc++";
				CLANG_ENABLE_MODULES = YES;
				CLANG_ENABLE_OBJC_ARC = YES;
				CLANG_WARN_BOOL_CONVERSION = YES;
				CLANG_WARN_CONSTANT_CONVERSION = YES;
				CLANG_WARN_DIRECT_OBJC_ISA_USAGE = YES_ERROR;
				CLANG_WARN_EMPTY_BODY = YES;
				CLANG_WARN_ENUM_CONVERSION = YES;
				CLANG_WARN_INT_CONVERSION = YES;
				CLANG_WARN_OBJC_ROOT_CLASS = YES_ERROR;
				CLANG_WARN__DUPLICATE_METHOD_MATCH = YES;
				"CODE_SIGN_IDENTITY[sdk=iphoneos*]" = "iPhone Developer";
				COPY_PHASE_STRIP = YES;
				ENABLE_NS_ASSERTIONS = NO;
				GCC_C_LANGUAGE_STANDARD = gnu99;
				GCC_WARN_64_TO_32_BIT_CONVERSION = YES;
				GCC_WARN_ABOUT_RETURN_TYPE = YES_ERROR;
				GCC_WARN_UNDECLARED_SELECTOR = YES;
				GCC_WARN_UNINITIALIZED_AUTOS = YES_AGGRESSIVE;
				GCC_WARN_UNUSED_FUNCTION = YES;
				GCC_WARN_UNUSED_VARIABLE = YES;
				IPHONEOS_DEPLOYMENT_TARGET = 7.1;
				SDKROOT = iphoneos;
				VALIDATE_PRODUCT = YES;
			};
			name = Release;
		};
		12EDF0991935DFF700E25920 /* Debug */ = {
			isa = XCBuildConfiguration;
			buildSettings = {
				ASSETCATALOG_COMPILER_APPICON_NAME = AppIcon;
				ASSETCATALOG_COMPILER_LAUNCHIMAGE_NAME = LaunchImage;
				GCC_PRECOMPILE_PREFIX_HEADER = YES;
				GCC_PREFIX_HEADER = "enroute-app/enroute-app-Prefix.pch";
				INFOPLIST_FILE = "enroute-app/enroute-app-Info.plist";
				PRODUCT_NAME = "$(TARGET_NAME)";
				WRAPPER_EXTENSION = app;
			};
			name = Debug;
		};
		12EDF09A1935DFF700E25920 /* Release */ = {
			isa = XCBuildConfiguration;
			buildSettings = {
				ASSETCATALOG_COMPILER_APPICON_NAME = AppIcon;
				ASSETCATALOG_COMPILER_LAUNCHIMAGE_NAME = LaunchImage;
				GCC_PRECOMPILE_PREFIX_HEADER = YES;
				GCC_PREFIX_HEADER = "enroute-app/enroute-app-Prefix.pch";
				INFOPLIST_FILE = "enroute-app/enroute-app-Info.plist";
				PRODUCT_NAME = "$(TARGET_NAME)";
				WRAPPER_EXTENSION = app;
			};
			name = Release;
		};
		12EDF09C1935DFF700E25920 /* Debug */ = {
			isa = XCBuildConfiguration;
			buildSettings = {
				BUNDLE_LOADER = "$(BUILT_PRODUCTS_DIR)/enroute-app.app/enroute-app";
				FRAMEWORK_SEARCH_PATHS = (
					"$(SDKROOT)/Developer/Library/Frameworks",
					"$(inherited)",
					"$(DEVELOPER_FRAMEWORKS_DIR)",
				);
				GCC_PRECOMPILE_PREFIX_HEADER = YES;
				GCC_PREFIX_HEADER = "enroute-app/enroute-app-Prefix.pch";
				GCC_PREPROCESSOR_DEFINITIONS = (
					"DEBUG=1",
					"$(inherited)",
				);
				INFOPLIST_FILE = "enroute-appTests/enroute-appTests-Info.plist";
				PRODUCT_NAME = "$(TARGET_NAME)";
				TEST_HOST = "$(BUNDLE_LOADER)";
				WRAPPER_EXTENSION = xctest;
			};
			name = Debug;
		};
		12EDF09D1935DFF700E25920 /* Release */ = {
			isa = XCBuildConfiguration;
			buildSettings = {
				BUNDLE_LOADER = "$(BUILT_PRODUCTS_DIR)/enroute-app.app/enroute-app";
				FRAMEWORK_SEARCH_PATHS = (
					"$(SDKROOT)/Developer/Library/Frameworks",
					"$(inherited)",
					"$(DEVELOPER_FRAMEWORKS_DIR)",
				);
				GCC_PRECOMPILE_PREFIX_HEADER = YES;
				GCC_PREFIX_HEADER = "enroute-app/enroute-app-Prefix.pch";
				INFOPLIST_FILE = "enroute-appTests/enroute-appTests-Info.plist";
				PRODUCT_NAME = "$(TARGET_NAME)";
				TEST_HOST = "$(BUNDLE_LOADER)";
				WRAPPER_EXTENSION = xctest;
			};
			name = Release;
		};
/* End XCBuildConfiguration section */

/* Begin XCConfigurationList section */
		12EDF0671935DFF700E25920 /* Build configuration list for PBXProject "enroute-app" */ = {
			isa = XCConfigurationList;
			buildConfigurations = (
				12EDF0961935DFF700E25920 /* Debug */,
				12EDF0971935DFF700E25920 /* Release */,
			);
			defaultConfigurationIsVisible = 0;
			defaultConfigurationName = Release;
		};
		12EDF0981935DFF700E25920 /* Build configuration list for PBXNativeTarget "enroute-app" */ = {
			isa = XCConfigurationList;
			buildConfigurations = (
				12EDF0991935DFF700E25920 /* Debug */,
				12EDF09A1935DFF700E25920 /* Release */,
			);
			defaultConfigurationIsVisible = 0;
		};
		12EDF09B1935DFF700E25920 /* Build configuration list for PBXNativeTarget "enroute-appTests" */ = {
			isa = XCConfigurationList;
			buildConfigurations = (
				12EDF09C1935DFF700E25920 /* Debug */,
				12EDF09D1935DFF700E25920 /* Release */,
			);
			defaultConfigurationIsVisible = 0;
		};
/* End XCConfigurationList section */
	};
	rootObject = 12EDF0641935DFF700E25920 /* Project object */;
}
