// !$*UTF8*$!
{
	archiveVersion = 1;
	classes = {
	};
	objectVersion = 46;
	objects = {

/* Begin PBXBuildFile section */
		1206A04F19389457004112AF /* TaskMenuInfoViewController.m in Sources */ = {isa = PBXBuildFile; fileRef = 1206A04E19389457004112AF /* TaskMenuInfoViewController.m */; };
		1206A05219389480004112AF /* TaskMenuInfoView.m in Sources */ = {isa = PBXBuildFile; fileRef = 1206A05119389480004112AF /* TaskMenuInfoView.m */; };
		1206A0621938F227004112AF /* TaskOneInfoViewController.m in Sources */ = {isa = PBXBuildFile; fileRef = 1206A0611938F227004112AF /* TaskOneInfoViewController.m */; };
		1206A0651938F24A004112AF /* TaskOneInfoView.m in Sources */ = {isa = PBXBuildFile; fileRef = 1206A0641938F24A004112AF /* TaskOneInfoView.m */; };
		1206A0681939C1B4004112AF /* UIColor+Enroute.m in Sources */ = {isa = PBXBuildFile; fileRef = 1206A0671939C1B4004112AF /* UIColor+Enroute.m */; };
		1206A06B1939F35C004112AF /* TaskOneCameraViewController.m in Sources */ = {isa = PBXBuildFile; fileRef = 1206A06A1939F35C004112AF /* TaskOneCameraViewController.m */; };
		1206A06E1939F62C004112AF /* TaskOneCameraView.m in Sources */ = {isa = PBXBuildFile; fileRef = 1206A06D1939F62C004112AF /* TaskOneCameraView.m */; };
		1206A0701939FF00004112AF /* AVFoundation.framework in Frameworks */ = {isa = PBXBuildFile; fileRef = 1206A06F1939FF00004112AF /* AVFoundation.framework */; };
		1206A073193A0D5A004112AF /* CameraCaptureManager.m in Sources */ = {isa = PBXBuildFile; fileRef = 1206A072193A0D5A004112AF /* CameraCaptureManager.m */; };
		1206A076193B00B6004112AF /* CameraRecorder.m in Sources */ = {isa = PBXBuildFile; fileRef = 1206A075193B00B6004112AF /* CameraRecorder.m */; };
		1206A07A193B061C004112AF /* AssetsLibrary.framework in Frameworks */ = {isa = PBXBuildFile; fileRef = 1206A079193B061C004112AF /* AssetsLibrary.framework */; };
		1206A089193B6413004112AF /* QuartzCore.framework in Frameworks */ = {isa = PBXBuildFile; fileRef = 1206A088193B6413004112AF /* QuartzCore.framework */; };
		1206A08C193B6E95004112AF /* CameraPartView.m in Sources */ = {isa = PBXBuildFile; fileRef = 1206A08B193B6E95004112AF /* CameraPartView.m */; };
		1206A08F193B8919004112AF /* CameraFileManager.m in Sources */ = {isa = PBXBuildFile; fileRef = 1206A08E193B8919004112AF /* CameraFileManager.m */; };
		1206A092193D0679004112AF /* JSONDataManager.m in Sources */ = {isa = PBXBuildFile; fileRef = 1206A091193D0679004112AF /* JSONDataManager.m */; };
		1206A098193D0AA4004112AF /* Task.m in Sources */ = {isa = PBXBuildFile; fileRef = 1206A097193D0AA4004112AF /* Task.m */; };
		1206A09A193D0AD3004112AF /* enroute.json in Resources */ = {isa = PBXBuildFile; fileRef = 1206A099193D0AD3004112AF /* enroute.json */; };
		1206A09E193D0D6C004112AF /* Tasks.m in Sources */ = {isa = PBXBuildFile; fileRef = 1206A09D193D0D6C004112AF /* Tasks.m */; };
		1206A0A1193D1011004112AF /* TaskFactory.m in Sources */ = {isa = PBXBuildFile; fileRef = 1206A0A0193D1011004112AF /* TaskFactory.m */; };
		1206A0A4193D10AF004112AF /* TasksFactory.m in Sources */ = {isa = PBXBuildFile; fileRef = 1206A0A3193D10AF004112AF /* TasksFactory.m */; };
		124E241419376D6F00E997FE /* IntroViewController.m in Sources */ = {isa = PBXBuildFile; fileRef = 124E241319376D6F00E997FE /* IntroViewController.m */; };
		124E241719376D8100E997FE /* IntroView.m in Sources */ = {isa = PBXBuildFile; fileRef = 124E241619376D8100E997FE /* IntroView.m */; };
		124E241B19376E4400E997FE /* TaskMenuViewController.m in Sources */ = {isa = PBXBuildFile; fileRef = 124E241A19376E4400E997FE /* TaskMenuViewController.m */; };
		124E241E19376E5A00E997FE /* TaskMenuView.m in Sources */ = {isa = PBXBuildFile; fileRef = 124E241D19376E5A00E997FE /* TaskMenuView.m */; };
		12E5A38119377D9D006EF53B /* CoreLocation.framework in Frameworks */ = {isa = PBXBuildFile; fileRef = 12E5A38019377D9D006EF53B /* CoreLocation.framework */; };
		12E5A3841937839A006EF53B /* TaskMenuItemView.m in Sources */ = {isa = PBXBuildFile; fileRef = 12E5A3831937839A006EF53B /* TaskMenuItemView.m */; };
		12E5A3871937A5D4006EF53B /* TaskOneViewController.m in Sources */ = {isa = PBXBuildFile; fileRef = 12E5A3861937A5D4006EF53B /* TaskOneViewController.m */; };
		12E5A38A1937A615006EF53B /* TaskOneView.m in Sources */ = {isa = PBXBuildFile; fileRef = 12E5A3891937A615006EF53B /* TaskOneView.m */; };
		12EDF0701935DFF700E25920 /* Foundation.framework in Frameworks */ = {isa = PBXBuildFile; fileRef = 12EDF06F1935DFF700E25920 /* Foundation.framework */; };
		12EDF0721935DFF700E25920 /* CoreGraphics.framework in Frameworks */ = {isa = PBXBuildFile; fileRef = 12EDF0711935DFF700E25920 /* CoreGraphics.framework */; };
		12EDF0741935DFF700E25920 /* UIKit.framework in Frameworks */ = {isa = PBXBuildFile; fileRef = 12EDF0731935DFF700E25920 /* UIKit.framework */; };
		12EDF07A1935DFF700E25920 /* InfoPlist.strings in Resources */ = {isa = PBXBuildFile; fileRef = 12EDF0781935DFF700E25920 /* InfoPlist.strings */; };
		12EDF07C1935DFF700E25920 /* main.m in Sources */ = {isa = PBXBuildFile; fileRef = 12EDF07B1935DFF700E25920 /* main.m */; };
		12EDF0801935DFF700E25920 /* AppDelegate.m in Sources */ = {isa = PBXBuildFile; fileRef = 12EDF07F1935DFF700E25920 /* AppDelegate.m */; };
		12EDF0821935DFF700E25920 /* Images.xcassets in Resources */ = {isa = PBXBuildFile; fileRef = 12EDF0811935DFF700E25920 /* Images.xcassets */; };
		12EDF0891935DFF700E25920 /* XCTest.framework in Frameworks */ = {isa = PBXBuildFile; fileRef = 12EDF0881935DFF700E25920 /* XCTest.framework */; };
		12EDF08A1935DFF700E25920 /* Foundation.framework in Frameworks */ = {isa = PBXBuildFile; fileRef = 12EDF06F1935DFF700E25920 /* Foundation.framework */; };
		12EDF08B1935DFF700E25920 /* UIKit.framework in Frameworks */ = {isa = PBXBuildFile; fileRef = 12EDF0731935DFF700E25920 /* UIKit.framework */; };
		12EDF0931935DFF700E25920 /* InfoPlist.strings in Resources */ = {isa = PBXBuildFile; fileRef = 12EDF0911935DFF700E25920 /* InfoPlist.strings */; };
		12EDF0951935DFF700E25920 /* enroute_appTests.m in Sources */ = {isa = PBXBuildFile; fileRef = 12EDF0941935DFF700E25920 /* enroute_appTests.m */; };
		55E709D677F54C21BEEFB8E2 /* libPods.a in Frameworks */ = {isa = PBXBuildFile; fileRef = 847BE717B5C54852A51D2BBC /* libPods.a */; };
/* End PBXBuildFile section */

/* Begin PBXContainerItemProxy section */
		12EDF08C1935DFF700E25920 /* PBXContainerItemProxy */ = {
			isa = PBXContainerItemProxy;
			containerPortal = 12EDF0641935DFF700E25920 /* Project object */;
			proxyType = 1;
			remoteGlobalIDString = 12EDF06B1935DFF700E25920;
			remoteInfo = "enroute-app";
		};
/* End PBXContainerItemProxy section */

/* Begin PBXFileReference section */
		1206A04D19389457004112AF /* TaskMenuInfoViewController.h */ = {isa = PBXFileReference; fileEncoding = 4; lastKnownFileType = sourcecode.c.h; path = TaskMenuInfoViewController.h; sourceTree = "<group>"; };
		1206A04E19389457004112AF /* TaskMenuInfoViewController.m */ = {isa = PBXFileReference; fileEncoding = 4; lastKnownFileType = sourcecode.c.objc; path = TaskMenuInfoViewController.m; sourceTree = "<group>"; };
		1206A05019389480004112AF /* TaskMenuInfoView.h */ = {isa = PBXFileReference; fileEncoding = 4; lastKnownFileType = sourcecode.c.h; path = TaskMenuInfoView.h; sourceTree = "<group>"; };
		1206A05119389480004112AF /* TaskMenuInfoView.m */ = {isa = PBXFileReference; fileEncoding = 4; lastKnownFileType = sourcecode.c.objc; path = TaskMenuInfoView.m; sourceTree = "<group>"; };
		1206A0601938F227004112AF /* TaskOneInfoViewController.h */ = {isa = PBXFileReference; fileEncoding = 4; lastKnownFileType = sourcecode.c.h; path = TaskOneInfoViewController.h; sourceTree = "<group>"; };
		1206A0611938F227004112AF /* TaskOneInfoViewController.m */ = {isa = PBXFileReference; fileEncoding = 4; lastKnownFileType = sourcecode.c.objc; path = TaskOneInfoViewController.m; sourceTree = "<group>"; };
		1206A0631938F24A004112AF /* TaskOneInfoView.h */ = {isa = PBXFileReference; fileEncoding = 4; lastKnownFileType = sourcecode.c.h; path = TaskOneInfoView.h; sourceTree = "<group>"; };
		1206A0641938F24A004112AF /* TaskOneInfoView.m */ = {isa = PBXFileReference; fileEncoding = 4; lastKnownFileType = sourcecode.c.objc; path = TaskOneInfoView.m; sourceTree = "<group>"; };
		1206A0661939C1B4004112AF /* UIColor+Enroute.h */ = {isa = PBXFileReference; fileEncoding = 4; lastKnownFileType = sourcecode.c.h; path = "UIColor+Enroute.h"; sourceTree = "<group>"; };
		1206A0671939C1B4004112AF /* UIColor+Enroute.m */ = {isa = PBXFileReference; fileEncoding = 4; lastKnownFileType = sourcecode.c.objc; path = "UIColor+Enroute.m"; sourceTree = "<group>"; };
		1206A0691939F35C004112AF /* TaskOneCameraViewController.h */ = {isa = PBXFileReference; fileEncoding = 4; lastKnownFileType = sourcecode.c.h; path = TaskOneCameraViewController.h; sourceTree = "<group>"; };
		1206A06A1939F35C004112AF /* TaskOneCameraViewController.m */ = {isa = PBXFileReference; fileEncoding = 4; lastKnownFileType = sourcecode.c.objc; path = TaskOneCameraViewController.m; sourceTree = "<group>"; };
		1206A06C1939F62C004112AF /* TaskOneCameraView.h */ = {isa = PBXFileReference; fileEncoding = 4; lastKnownFileType = sourcecode.c.h; path = TaskOneCameraView.h; sourceTree = "<group>"; };
		1206A06D1939F62C004112AF /* TaskOneCameraView.m */ = {isa = PBXFileReference; fileEncoding = 4; lastKnownFileType = sourcecode.c.objc; path = TaskOneCameraView.m; sourceTree = "<group>"; };
		1206A06F1939FF00004112AF /* AVFoundation.framework */ = {isa = PBXFileReference; lastKnownFileType = wrapper.framework; name = AVFoundation.framework; path = System/Library/Frameworks/AVFoundation.framework; sourceTree = SDKROOT; };
		1206A071193A0D5A004112AF /* CameraCaptureManager.h */ = {isa = PBXFileReference; fileEncoding = 4; lastKnownFileType = sourcecode.c.h; path = CameraCaptureManager.h; sourceTree = "<group>"; };
		1206A072193A0D5A004112AF /* CameraCaptureManager.m */ = {isa = PBXFileReference; fileEncoding = 4; lastKnownFileType = sourcecode.c.objc; path = CameraCaptureManager.m; sourceTree = "<group>"; };
		1206A074193B00B6004112AF /* CameraRecorder.h */ = {isa = PBXFileReference; fileEncoding = 4; lastKnownFileType = sourcecode.c.h; path = CameraRecorder.h; sourceTree = "<group>"; };
		1206A075193B00B6004112AF /* CameraRecorder.m */ = {isa = PBXFileReference; fileEncoding = 4; lastKnownFileType = sourcecode.c.objc; path = CameraRecorder.m; sourceTree = "<group>"; };
		1206A079193B061C004112AF /* AssetsLibrary.framework */ = {isa = PBXFileReference; lastKnownFileType = wrapper.framework; name = AssetsLibrary.framework; path = System/Library/Frameworks/AssetsLibrary.framework; sourceTree = SDKROOT; };
		1206A084193B5300004112AF /* MediaPlayer.framework */ = {isa = PBXFileReference; lastKnownFileType = wrapper.framework; name = MediaPlayer.framework; path = System/Library/Frameworks/MediaPlayer.framework; sourceTree = SDKROOT; };
		1206A086193B531F004112AF /* MobileCoreServices.framework */ = {isa = PBXFileReference; lastKnownFileType = wrapper.framework; name = MobileCoreServices.framework; path = System/Library/Frameworks/MobileCoreServices.framework; sourceTree = SDKROOT; };
		1206A088193B6413004112AF /* QuartzCore.framework */ = {isa = PBXFileReference; lastKnownFileType = wrapper.framework; name = QuartzCore.framework; path = System/Library/Frameworks/QuartzCore.framework; sourceTree = SDKROOT; };
		1206A08A193B6E95004112AF /* CameraPartView.h */ = {isa = PBXFileReference; fileEncoding = 4; lastKnownFileType = sourcecode.c.h; path = CameraPartView.h; sourceTree = "<group>"; };
		1206A08B193B6E95004112AF /* CameraPartView.m */ = {isa = PBXFileReference; fileEncoding = 4; lastKnownFileType = sourcecode.c.objc; path = CameraPartView.m; sourceTree = "<group>"; };
		1206A08D193B8919004112AF /* CameraFileManager.h */ = {isa = PBXFileReference; fileEncoding = 4; lastKnownFileType = sourcecode.c.h; path = CameraFileManager.h; sourceTree = "<group>"; };
		1206A08E193B8919004112AF /* CameraFileManager.m */ = {isa = PBXFileReference; fileEncoding = 4; lastKnownFileType = sourcecode.c.objc; path = CameraFileManager.m; sourceTree = "<group>"; };
		1206A090193D0679004112AF /* JSONDataManager.h */ = {isa = PBXFileReference; fileEncoding = 4; lastKnownFileType = sourcecode.c.h; path = JSONDataManager.h; sourceTree = "<group>"; };
		1206A091193D0679004112AF /* JSONDataManager.m */ = {isa = PBXFileReference; fileEncoding = 4; lastKnownFileType = sourcecode.c.objc; path = JSONDataManager.m; sourceTree = "<group>"; };
		1206A096193D0AA4004112AF /* Task.h */ = {isa = PBXFileReference; fileEncoding = 4; lastKnownFileType = sourcecode.c.h; path = Task.h; sourceTree = "<group>"; };
		1206A097193D0AA4004112AF /* Task.m */ = {isa = PBXFileReference; fileEncoding = 4; lastKnownFileType = sourcecode.c.objc; path = Task.m; sourceTree = "<group>"; };
		1206A099193D0AD3004112AF /* enroute.json */ = {isa = PBXFileReference; fileEncoding = 4; lastKnownFileType = text.json; path = enroute.json; sourceTree = "<group>"; };
		1206A09C193D0D6C004112AF /* Tasks.h */ = {isa = PBXFileReference; fileEncoding = 4; lastKnownFileType = sourcecode.c.h; path = Tasks.h; sourceTree = "<group>"; };
		1206A09D193D0D6C004112AF /* Tasks.m */ = {isa = PBXFileReference; fileEncoding = 4; lastKnownFileType = sourcecode.c.objc; path = Tasks.m; sourceTree = "<group>"; };
		1206A09F193D1011004112AF /* TaskFactory.h */ = {isa = PBXFileReference; fileEncoding = 4; lastKnownFileType = sourcecode.c.h; path = TaskFactory.h; sourceTree = "<group>"; };
		1206A0A0193D1011004112AF /* TaskFactory.m */ = {isa = PBXFileReference; fileEncoding = 4; lastKnownFileType = sourcecode.c.objc; path = TaskFactory.m; sourceTree = "<group>"; };
		1206A0A2193D10AF004112AF /* TasksFactory.h */ = {isa = PBXFileReference; fileEncoding = 4; lastKnownFileType = sourcecode.c.h; path = TasksFactory.h; sourceTree = "<group>"; };
		1206A0A3193D10AF004112AF /* TasksFactory.m */ = {isa = PBXFileReference; fileEncoding = 4; lastKnownFileType = sourcecode.c.objc; path = TasksFactory.m; sourceTree = "<group>"; };
		124E241219376D6F00E997FE /* IntroViewController.h */ = {isa = PBXFileReference; fileEncoding = 4; lastKnownFileType = sourcecode.c.h; path = IntroViewController.h; sourceTree = "<group>"; };
		124E241319376D6F00E997FE /* IntroViewController.m */ = {isa = PBXFileReference; fileEncoding = 4; lastKnownFileType = sourcecode.c.objc; path = IntroViewController.m; sourceTree = "<group>"; };
		124E241519376D8100E997FE /* IntroView.h */ = {isa = PBXFileReference; fileEncoding = 4; lastKnownFileType = sourcecode.c.h; path = IntroView.h; sourceTree = "<group>"; };
		124E241619376D8100E997FE /* IntroView.m */ = {isa = PBXFileReference; fileEncoding = 4; lastKnownFileType = sourcecode.c.objc; path = IntroView.m; sourceTree = "<group>"; };
		124E241919376E4400E997FE /* TaskMenuViewController.h */ = {isa = PBXFileReference; fileEncoding = 4; lastKnownFileType = sourcecode.c.h; path = TaskMenuViewController.h; sourceTree = "<group>"; };
		124E241A19376E4400E997FE /* TaskMenuViewController.m */ = {isa = PBXFileReference; fileEncoding = 4; lastKnownFileType = sourcecode.c.objc; path = TaskMenuViewController.m; sourceTree = "<group>"; };
		124E241C19376E5A00E997FE /* TaskMenuView.h */ = {isa = PBXFileReference; fileEncoding = 4; lastKnownFileType = sourcecode.c.h; path = TaskMenuView.h; sourceTree = "<group>"; };
		124E241D19376E5A00E997FE /* TaskMenuView.m */ = {isa = PBXFileReference; fileEncoding = 4; lastKnownFileType = sourcecode.c.objc; path = TaskMenuView.m; sourceTree = "<group>"; };
		12E5A38019377D9D006EF53B /* CoreLocation.framework */ = {isa = PBXFileReference; lastKnownFileType = wrapper.framework; name = CoreLocation.framework; path = System/Library/Frameworks/CoreLocation.framework; sourceTree = SDKROOT; };
		12E5A3821937839A006EF53B /* TaskMenuItemView.h */ = {isa = PBXFileReference; fileEncoding = 4; lastKnownFileType = sourcecode.c.h; path = TaskMenuItemView.h; sourceTree = "<group>"; };
		12E5A3831937839A006EF53B /* TaskMenuItemView.m */ = {isa = PBXFileReference; fileEncoding = 4; lastKnownFileType = sourcecode.c.objc; path = TaskMenuItemView.m; sourceTree = "<group>"; };
		12E5A3851937A5D4006EF53B /* TaskOneViewController.h */ = {isa = PBXFileReference; fileEncoding = 4; lastKnownFileType = sourcecode.c.h; path = TaskOneViewController.h; sourceTree = "<group>"; };
		12E5A3861937A5D4006EF53B /* TaskOneViewController.m */ = {isa = PBXFileReference; fileEncoding = 4; lastKnownFileType = sourcecode.c.objc; path = TaskOneViewController.m; sourceTree = "<group>"; };
		12E5A3881937A615006EF53B /* TaskOneView.h */ = {isa = PBXFileReference; fileEncoding = 4; lastKnownFileType = sourcecode.c.h; path = TaskOneView.h; sourceTree = "<group>"; };
		12E5A3891937A615006EF53B /* TaskOneView.m */ = {isa = PBXFileReference; fileEncoding = 4; lastKnownFileType = sourcecode.c.objc; path = TaskOneView.m; sourceTree = "<group>"; };
		12EDF06C1935DFF700E25920 /* enroute-app.app */ = {isa = PBXFileReference; explicitFileType = wrapper.application; includeInIndex = 0; path = "enroute-app.app"; sourceTree = BUILT_PRODUCTS_DIR; };
		12EDF06F1935DFF700E25920 /* Foundation.framework */ = {isa = PBXFileReference; lastKnownFileType = wrapper.framework; name = Foundation.framework; path = System/Library/Frameworks/Foundation.framework; sourceTree = SDKROOT; };
		12EDF0711935DFF700E25920 /* CoreGraphics.framework */ = {isa = PBXFileReference; lastKnownFileType = wrapper.framework; name = CoreGraphics.framework; path = System/Library/Frameworks/CoreGraphics.framework; sourceTree = SDKROOT; };
		12EDF0731935DFF700E25920 /* UIKit.framework */ = {isa = PBXFileReference; lastKnownFileType = wrapper.framework; name = UIKit.framework; path = System/Library/Frameworks/UIKit.framework; sourceTree = SDKROOT; };
		12EDF0771935DFF700E25920 /* enroute-app-Info.plist */ = {isa = PBXFileReference; lastKnownFileType = text.plist.xml; path = "enroute-app-Info.plist"; sourceTree = "<group>"; };
		12EDF0791935DFF700E25920 /* en */ = {isa = PBXFileReference; lastKnownFileType = text.plist.strings; name = en; path = en.lproj/InfoPlist.strings; sourceTree = "<group>"; };
		12EDF07B1935DFF700E25920 /* main.m */ = {isa = PBXFileReference; lastKnownFileType = sourcecode.c.objc; path = main.m; sourceTree = "<group>"; };
		12EDF07D1935DFF700E25920 /* enroute-app-Prefix.pch */ = {isa = PBXFileReference; lastKnownFileType = sourcecode.c.h; path = "enroute-app-Prefix.pch"; sourceTree = "<group>"; };
		12EDF07E1935DFF700E25920 /* AppDelegate.h */ = {isa = PBXFileReference; lastKnownFileType = sourcecode.c.h; path = AppDelegate.h; sourceTree = "<group>"; };
		12EDF07F1935DFF700E25920 /* AppDelegate.m */ = {isa = PBXFileReference; lastKnownFileType = sourcecode.c.objc; path = AppDelegate.m; sourceTree = "<group>"; };
		12EDF0811935DFF700E25920 /* Images.xcassets */ = {isa = PBXFileReference; lastKnownFileType = folder.assetcatalog; path = Images.xcassets; sourceTree = "<group>"; };
		12EDF0871935DFF700E25920 /* enroute-appTests.xctest */ = {isa = PBXFileReference; explicitFileType = wrapper.cfbundle; includeInIndex = 0; path = "enroute-appTests.xctest"; sourceTree = BUILT_PRODUCTS_DIR; };
		12EDF0881935DFF700E25920 /* XCTest.framework */ = {isa = PBXFileReference; lastKnownFileType = wrapper.framework; name = XCTest.framework; path = Library/Frameworks/XCTest.framework; sourceTree = DEVELOPER_DIR; };
		12EDF0901935DFF700E25920 /* enroute-appTests-Info.plist */ = {isa = PBXFileReference; lastKnownFileType = text.plist.xml; path = "enroute-appTests-Info.plist"; sourceTree = "<group>"; };
		12EDF0921935DFF700E25920 /* en */ = {isa = PBXFileReference; lastKnownFileType = text.plist.strings; name = en; path = en.lproj/InfoPlist.strings; sourceTree = "<group>"; };
		12EDF0941935DFF700E25920 /* enroute_appTests.m */ = {isa = PBXFileReference; lastKnownFileType = sourcecode.c.objc; path = enroute_appTests.m; sourceTree = "<group>"; };
		847BE717B5C54852A51D2BBC /* libPods.a */ = {isa = PBXFileReference; explicitFileType = archive.ar; includeInIndex = 0; path = libPods.a; sourceTree = BUILT_PRODUCTS_DIR; };
		98BE36D9F3AF49B3AC5CAC09 /* Pods.xcconfig */ = {isa = PBXFileReference; includeInIndex = 1; lastKnownFileType = text.xcconfig; name = Pods.xcconfig; path = Pods/Pods.xcconfig; sourceTree = "<group>"; };
/* End PBXFileReference section */

/* Begin PBXFrameworksBuildPhase section */
		12EDF0691935DFF700E25920 /* Frameworks */ = {
			isa = PBXFrameworksBuildPhase;
			buildActionMask = 2147483647;
			files = (
				1206A089193B6413004112AF /* QuartzCore.framework in Frameworks */,
				1206A07A193B061C004112AF /* AssetsLibrary.framework in Frameworks */,
				1206A0701939FF00004112AF /* AVFoundation.framework in Frameworks */,
				12E5A38119377D9D006EF53B /* CoreLocation.framework in Frameworks */,
				12EDF0721935DFF700E25920 /* CoreGraphics.framework in Frameworks */,
				12EDF0741935DFF700E25920 /* UIKit.framework in Frameworks */,
				12EDF0701935DFF700E25920 /* Foundation.framework in Frameworks */,
				55E709D677F54C21BEEFB8E2 /* libPods.a in Frameworks */,
			);
			runOnlyForDeploymentPostprocessing = 0;
		};
		12EDF0841935DFF700E25920 /* Frameworks */ = {
			isa = PBXFrameworksBuildPhase;
			buildActionMask = 2147483647;
			files = (
				12EDF0891935DFF700E25920 /* XCTest.framework in Frameworks */,
				12EDF08B1935DFF700E25920 /* UIKit.framework in Frameworks */,
				12EDF08A1935DFF700E25920 /* Foundation.framework in Frameworks */,
			);
			runOnlyForDeploymentPostprocessing = 0;
		};
/* End PBXFrameworksBuildPhase section */

/* Begin PBXGroup section */
		1206A080193B11F4004112AF /* Camera */ = {
			isa = PBXGroup;
			children = (
				1206A071193A0D5A004112AF /* CameraCaptureManager.h */,
				1206A072193A0D5A004112AF /* CameraCaptureManager.m */,
				1206A074193B00B6004112AF /* CameraRecorder.h */,
				1206A075193B00B6004112AF /* CameraRecorder.m */,
				1206A08D193B8919004112AF /* CameraFileManager.h */,
				1206A08E193B8919004112AF /* CameraFileManager.m */,
			);
			name = Camera;
			sourceTree = "<group>";
		};
		1206A093193D067F004112AF /* Data */ = {
			isa = PBXGroup;
			children = (
				1206A099193D0AD3004112AF /* enroute.json */,
				1206A095193D0A4E004112AF /* Factories */,
				1206A09B193D0D31004112AF /* Collections */,
				1206A094193D0934004112AF /* Models */,
				1206A090193D0679004112AF /* JSONDataManager.h */,
				1206A091193D0679004112AF /* JSONDataManager.m */,
			);
			name = Data;
			sourceTree = "<group>";
		};
		1206A094193D0934004112AF /* Models */ = {
			isa = PBXGroup;
			children = (
				1206A096193D0AA4004112AF /* Task.h */,
				1206A097193D0AA4004112AF /* Task.m */,
			);
			name = Models;
			sourceTree = "<group>";
		};
		1206A095193D0A4E004112AF /* Factories */ = {
			isa = PBXGroup;
			children = (
				1206A0A2193D10AF004112AF /* TasksFactory.h */,
				1206A0A3193D10AF004112AF /* TasksFactory.m */,
				1206A09F193D1011004112AF /* TaskFactory.h */,
				1206A0A0193D1011004112AF /* TaskFactory.m */,
			);
			name = Factories;
			sourceTree = "<group>";
		};
		1206A09B193D0D31004112AF /* Collections */ = {
			isa = PBXGroup;
			children = (
				1206A09C193D0D6C004112AF /* Tasks.h */,
				1206A09D193D0D6C004112AF /* Tasks.m */,
			);
			name = Collections;
			sourceTree = "<group>";
		};
		124E241819376DA700E997FE /* 1_IntroView */ = {
			isa = PBXGroup;
			children = (
				124E241219376D6F00E997FE /* IntroViewController.h */,
				124E241319376D6F00E997FE /* IntroViewController.m */,
				124E241519376D8100E997FE /* IntroView.h */,
				124E241619376D8100E997FE /* IntroView.m */,
			);
			name = 1_IntroView;
			sourceTree = "<group>";
		};
		124E241F19376E6100E997FE /* 2_TaskMenuView */ = {
			isa = PBXGroup;
			children = (
				124E241919376E4400E997FE /* TaskMenuViewController.h */,
				124E241A19376E4400E997FE /* TaskMenuViewController.m */,
				124E241C19376E5A00E997FE /* TaskMenuView.h */,
				124E241D19376E5A00E997FE /* TaskMenuView.m */,
				12E5A3821937839A006EF53B /* TaskMenuItemView.h */,
				12E5A3831937839A006EF53B /* TaskMenuItemView.m */,
				1206A04D19389457004112AF /* TaskMenuInfoViewController.h */,
				1206A04E19389457004112AF /* TaskMenuInfoViewController.m */,
				1206A05019389480004112AF /* TaskMenuInfoView.h */,
				1206A05119389480004112AF /* TaskMenuInfoView.m */,
			);
			name = 2_TaskMenuView;
			sourceTree = "<group>";
		};
		12E5A38B1937A61B006EF53B /* TaskOne */ = {
			isa = PBXGroup;
			children = (
				12E5A3851937A5D4006EF53B /* TaskOneViewController.h */,
				12E5A3861937A5D4006EF53B /* TaskOneViewController.m */,
				12E5A3881937A615006EF53B /* TaskOneView.h */,
				12E5A3891937A615006EF53B /* TaskOneView.m */,
				1206A0601938F227004112AF /* TaskOneInfoViewController.h */,
				1206A0611938F227004112AF /* TaskOneInfoViewController.m */,
				1206A0631938F24A004112AF /* TaskOneInfoView.h */,
				1206A0641938F24A004112AF /* TaskOneInfoView.m */,
				1206A0691939F35C004112AF /* TaskOneCameraViewController.h */,
				1206A06A1939F35C004112AF /* TaskOneCameraViewController.m */,
				1206A06C1939F62C004112AF /* TaskOneCameraView.h */,
				1206A06D1939F62C004112AF /* TaskOneCameraView.m */,
				1206A08A193B6E95004112AF /* CameraPartView.h */,
				1206A08B193B6E95004112AF /* CameraPartView.m */,
			);
			name = TaskOne;
			sourceTree = "<group>";
		};
		12E5A38C1937A622006EF53B /* 3_Tasks */ = {
			isa = PBXGroup;
			children = (
				12E5A38B1937A61B006EF53B /* TaskOne */,
			);
			name = 3_Tasks;
			sourceTree = "<group>";
		};
		12EDF0631935DFF700E25920 = {
			isa = PBXGroup;
			children = (
				12EDF0751935DFF700E25920 /* enroute-app */,
				12EDF08E1935DFF700E25920 /* enroute-appTests */,
				12EDF06E1935DFF700E25920 /* Frameworks */,
				12EDF06D1935DFF700E25920 /* Products */,
				98BE36D9F3AF49B3AC5CAC09 /* Pods.xcconfig */,
			);
			sourceTree = "<group>";
		};
		12EDF06D1935DFF700E25920 /* Products */ = {
			isa = PBXGroup;
			children = (
				12EDF06C1935DFF700E25920 /* enroute-app.app */,
				12EDF0871935DFF700E25920 /* enroute-appTests.xctest */,
			);
			name = Products;
			sourceTree = "<group>";
		};
		12EDF06E1935DFF700E25920 /* Frameworks */ = {
			isa = PBXGroup;
			children = (
				1206A088193B6413004112AF /* QuartzCore.framework */,
				1206A086193B531F004112AF /* MobileCoreServices.framework */,
				1206A084193B5300004112AF /* MediaPlayer.framework */,
				1206A079193B061C004112AF /* AssetsLibrary.framework */,
				1206A06F1939FF00004112AF /* AVFoundation.framework */,
				12E5A38019377D9D006EF53B /* CoreLocation.framework */,
				12EDF06F1935DFF700E25920 /* Foundation.framework */,
				12EDF0711935DFF700E25920 /* CoreGraphics.framework */,
				12EDF0731935DFF700E25920 /* UIKit.framework */,
				12EDF0881935DFF700E25920 /* XCTest.framework */,
				847BE717B5C54852A51D2BBC /* libPods.a */,
			);
			name = Frameworks;
			sourceTree = "<group>";
		};
		12EDF0751935DFF700E25920 /* enroute-app */ = {
			isa = PBXGroup;
			children = (
				12EDF07E1935DFF700E25920 /* AppDelegate.h */,
				12EDF07F1935DFF700E25920 /* AppDelegate.m */,
				12EDF0811935DFF700E25920 /* Images.xcassets */,
				12EDF0761935DFF700E25920 /* Supporting Files */,
				124E241819376DA700E997FE /* 1_IntroView */,
				124E241F19376E6100E997FE /* 2_TaskMenuView */,
				12E5A38C1937A622006EF53B /* 3_Tasks */,
				1206A093193D067F004112AF /* Data */,
				1206A080193B11F4004112AF /* Camera */,
				1206A0661939C1B4004112AF /* UIColor+Enroute.h */,
				1206A0671939C1B4004112AF /* UIColor+Enroute.m */,
			);
			path = "enroute-app";
			sourceTree = "<group>";
		};
		12EDF0761935DFF700E25920 /* Supporting Files */ = {
			isa = PBXGroup;
			children = (
				12EDF0771935DFF700E25920 /* enroute-app-Info.plist */,
				12EDF0781935DFF700E25920 /* InfoPlist.strings */,
				12EDF07B1935DFF700E25920 /* main.m */,
				12EDF07D1935DFF700E25920 /* enroute-app-Prefix.pch */,
			);
			name = "Supporting Files";
			sourceTree = "<group>";
		};
		12EDF08E1935DFF700E25920 /* enroute-appTests */ = {
			isa = PBXGroup;
			children = (
				12EDF0941935DFF700E25920 /* enroute_appTests.m */,
				12EDF08F1935DFF700E25920 /* Supporting Files */,
			);
			path = "enroute-appTests";
			sourceTree = "<group>";
		};
		12EDF08F1935DFF700E25920 /* Supporting Files */ = {
			isa = PBXGroup;
			children = (
				12EDF0901935DFF700E25920 /* enroute-appTests-Info.plist */,
				12EDF0911935DFF700E25920 /* InfoPlist.strings */,
			);
			name = "Supporting Files";
			sourceTree = "<group>";
		};
/* End PBXGroup section */

/* Begin PBXNativeTarget section */
		12EDF06B1935DFF700E25920 /* enroute-app */ = {
			isa = PBXNativeTarget;
			buildConfigurationList = 12EDF0981935DFF700E25920 /* Build configuration list for PBXNativeTarget "enroute-app" */;
			buildPhases = (
				35047A688E0C4008B686A84C /* Check Pods Manifest.lock */,
				12EDF0681935DFF700E25920 /* Sources */,
				12EDF0691935DFF700E25920 /* Frameworks */,
				12EDF06A1935DFF700E25920 /* Resources */,
				44FE1054450F45F49F2E3D30 /* Copy Pods Resources */,
			);
			buildRules = (
			);
			dependencies = (
			);
			name = "enroute-app";
			productName = "enroute-app";
			productReference = 12EDF06C1935DFF700E25920 /* enroute-app.app */;
			productType = "com.apple.product-type.application";
		};
		12EDF0861935DFF700E25920 /* enroute-appTests */ = {
			isa = PBXNativeTarget;
			buildConfigurationList = 12EDF09B1935DFF700E25920 /* Build configuration list for PBXNativeTarget "enroute-appTests" */;
			buildPhases = (
				12EDF0831935DFF700E25920 /* Sources */,
				12EDF0841935DFF700E25920 /* Frameworks */,
				12EDF0851935DFF700E25920 /* Resources */,
			);
			buildRules = (
			);
			dependencies = (
				12EDF08D1935DFF700E25920 /* PBXTargetDependency */,
			);
			name = "enroute-appTests";
			productName = "enroute-appTests";
			productReference = 12EDF0871935DFF700E25920 /* enroute-appTests.xctest */;
			productType = "com.apple.product-type.bundle.unit-test";
		};
/* End PBXNativeTarget section */

/* Begin PBXProject section */
		12EDF0641935DFF700E25920 /* Project object */ = {
			isa = PBXProject;
			attributes = {
				LastUpgradeCheck = 0510;
				ORGANIZATIONNAME = "Stijn Heylen";
				TargetAttributes = {
					12EDF06B1935DFF700E25920 = {
						DevelopmentTeam = 9RZW73LTB7;
					};
					12EDF0861935DFF700E25920 = {
						TestTargetID = 12EDF06B1935DFF700E25920;
					};
				};
			};
			buildConfigurationList = 12EDF0671935DFF700E25920 /* Build configuration list for PBXProject "enroute-app" */;
			compatibilityVersion = "Xcode 3.2";
			developmentRegion = English;
			hasScannedForEncodings = 0;
			knownRegions = (
				en,
			);
			mainGroup = 12EDF0631935DFF700E25920;
			productRefGroup = 12EDF06D1935DFF700E25920 /* Products */;
			projectDirPath = "";
			projectRoot = "";
			targets = (
				12EDF06B1935DFF700E25920 /* enroute-app */,
				12EDF0861935DFF700E25920 /* enroute-appTests */,
			);
		};
/* End PBXProject section */

/* Begin PBXResourcesBuildPhase section */
		12EDF06A1935DFF700E25920 /* Resources */ = {
			isa = PBXResourcesBuildPhase;
			buildActionMask = 2147483647;
			files = (
				12EDF07A1935DFF700E25920 /* InfoPlist.strings in Resources */,
				12EDF0821935DFF700E25920 /* Images.xcassets in Resources */,
				1206A09A193D0AD3004112AF /* enroute.json in Resources */,
			);
			runOnlyForDeploymentPostprocessing = 0;
		};
		12EDF0851935DFF700E25920 /* Resources */ = {
			isa = PBXResourcesBuildPhase;
			buildActionMask = 2147483647;
			files = (
				12EDF0931935DFF700E25920 /* InfoPlist.strings in Resources */,
			);
			runOnlyForDeploymentPostprocessing = 0;
		};
/* End PBXResourcesBuildPhase section */

/* Begin PBXShellScriptBuildPhase section */
		35047A688E0C4008B686A84C /* Check Pods Manifest.lock */ = {
			isa = PBXShellScriptBuildPhase;
			buildActionMask = 2147483647;
			files = (
			);
			inputPaths = (
			);
			name = "Check Pods Manifest.lock";
			outputPaths = (
			);
			runOnlyForDeploymentPostprocessing = 0;
			shellPath = /bin/sh;
			shellScript = "diff \"${PODS_ROOT}/../Podfile.lock\" \"${PODS_ROOT}/Manifest.lock\" > /dev/null\nif [[ $? != 0 ]] ; then\n    cat << EOM\nerror: The sandbox is not in sync with the Podfile.lock. Run 'pod install' or update your CocoaPods installation.\nEOM\n    exit 1\nfi\n";
			showEnvVarsInLog = 0;
		};
		44FE1054450F45F49F2E3D30 /* Copy Pods Resources */ = {
			isa = PBXShellScriptBuildPhase;
			buildActionMask = 2147483647;
			files = (
			);
			inputPaths = (
			);
			name = "Copy Pods Resources";
			outputPaths = (
			);
			runOnlyForDeploymentPostprocessing = 0;
			shellPath = /bin/sh;
			shellScript = "\"${SRCROOT}/Pods/Pods-resources.sh\"\n";
			showEnvVarsInLog = 0;
		};
/* End PBXShellScriptBuildPhase section */

/* Begin PBXSourcesBuildPhase section */
		12EDF0681935DFF700E25920 /* Sources */ = {
			isa = PBXSourcesBuildPhase;
			buildActionMask = 2147483647;
			files = (
				1206A08C193B6E95004112AF /* CameraPartView.m in Sources */,
				12E5A38A1937A615006EF53B /* TaskOneView.m in Sources */,
				12E5A3841937839A006EF53B /* TaskMenuItemView.m in Sources */,
				1206A076193B00B6004112AF /* CameraRecorder.m in Sources */,
				1206A05219389480004112AF /* TaskMenuInfoView.m in Sources */,
				1206A09E193D0D6C004112AF /* Tasks.m in Sources */,
				1206A06B1939F35C004112AF /* TaskOneCameraViewController.m in Sources */,
				12EDF0801935DFF700E25920 /* AppDelegate.m in Sources */,
				1206A0681939C1B4004112AF /* UIColor+Enroute.m in Sources */,
				124E241719376D8100E997FE /* IntroView.m in Sources */,
				1206A06E1939F62C004112AF /* TaskOneCameraView.m in Sources */,
				1206A0A1193D1011004112AF /* TaskFactory.m in Sources */,
				1206A04F19389457004112AF /* TaskMenuInfoViewController.m in Sources */,
				124E241E19376E5A00E997FE /* TaskMenuView.m in Sources */,
				124E241419376D6F00E997FE /* IntroViewController.m in Sources */,
				1206A073193A0D5A004112AF /* CameraCaptureManager.m in Sources */,
				1206A098193D0AA4004112AF /* Task.m in Sources */,
				124E241B19376E4400E997FE /* TaskMenuViewController.m in Sources */,
				1206A0A4193D10AF004112AF /* TasksFactory.m in Sources */,
				1206A0621938F227004112AF /* TaskOneInfoViewController.m in Sources */,
				1206A092193D0679004112AF /* JSONDataManager.m in Sources */,
				1206A08F193B8919004112AF /* CameraFileManager.m in Sources */,
				1206A0651938F24A004112AF /* TaskOneInfoView.m in Sources */,
				12E5A3871937A5D4006EF53B /* TaskOneViewController.m in Sources */,
				12EDF07C1935DFF700E25920 /* main.m in Sources */,
			);
			runOnlyForDeploymentPostprocessing = 0;
		};
		12EDF0831935DFF700E25920 /* Sources */ = {
			isa = PBXSourcesBuildPhase;
			buildActionMask = 2147483647;
			files = (
				12EDF0951935DFF700E25920 /* enroute_appTests.m in Sources */,
			);
			runOnlyForDeploymentPostprocessing = 0;
		};
/* End PBXSourcesBuildPhase section */

/* Begin PBXTargetDependency section */
		12EDF08D1935DFF700E25920 /* PBXTargetDependency */ = {
			isa = PBXTargetDependency;
			target = 12EDF06B1935DFF700E25920 /* enroute-app */;
			targetProxy = 12EDF08C1935DFF700E25920 /* PBXContainerItemProxy */;
		};
/* End PBXTargetDependency section */

/* Begin PBXVariantGroup section */
		12EDF0781935DFF700E25920 /* InfoPlist.strings */ = {
			isa = PBXVariantGroup;
			children = (
				12EDF0791935DFF700E25920 /* en */,
			);
			name = InfoPlist.strings;
			sourceTree = "<group>";
		};
		12EDF0911935DFF700E25920 /* InfoPlist.strings */ = {
			isa = PBXVariantGroup;
			children = (
				12EDF0921935DFF700E25920 /* en */,
			);
			name = InfoPlist.strings;
			sourceTree = "<group>";
		};
/* End PBXVariantGroup section */

/* Begin XCBuildConfiguration section */
		12EDF0961935DFF700E25920 /* Debug */ = {
			isa = XCBuildConfiguration;
			buildSettings = {
				ALWAYS_SEARCH_USER_PATHS = NO;
				CLANG_CXX_LANGUAGE_STANDARD = "gnu++0x";
				CLANG_CXX_LIBRARY = "libc++";
				CLANG_ENABLE_MODULES = YES;
				CLANG_ENABLE_OBJC_ARC = YES;
				CLANG_WARN_BOOL_CONVERSION = YES;
				CLANG_WARN_CONSTANT_CONVERSION = YES;
				CLANG_WARN_DIRECT_OBJC_ISA_USAGE = YES_ERROR;
				CLANG_WARN_EMPTY_BODY = YES;
				CLANG_WARN_ENUM_CONVERSION = YES;
				CLANG_WARN_INT_CONVERSION = YES;
				CLANG_WARN_OBJC_ROOT_CLASS = YES_ERROR;
				CLANG_WARN__DUPLICATE_METHOD_MATCH = YES;
				"CODE_SIGN_IDENTITY[sdk=iphoneos*]" = "iPhone Developer";
				COPY_PHASE_STRIP = NO;
				GCC_C_LANGUAGE_STANDARD = gnu99;
				GCC_DYNAMIC_NO_PIC = NO;
				GCC_OPTIMIZATION_LEVEL = 0;
				GCC_PREPROCESSOR_DEFINITIONS = (
					"DEBUG=1",
					"$(inherited)",
				);
				GCC_SYMBOLS_PRIVATE_EXTERN = NO;
				GCC_WARN_64_TO_32_BIT_CONVERSION = YES;
				GCC_WARN_ABOUT_RETURN_TYPE = YES_ERROR;
				GCC_WARN_UNDECLARED_SELECTOR = YES;
				GCC_WARN_UNINITIALIZED_AUTOS = YES_AGGRESSIVE;
				GCC_WARN_UNUSED_FUNCTION = YES;
				GCC_WARN_UNUSED_VARIABLE = YES;
				IPHONEOS_DEPLOYMENT_TARGET = 7.1;
				ONLY_ACTIVE_ARCH = YES;
				SDKROOT = iphoneos;
			};
			name = Debug;
		};
		12EDF0971935DFF700E25920 /* Release */ = {
			isa = XCBuildConfiguration;
			buildSettings = {
				ALWAYS_SEARCH_USER_PATHS = NO;
				CLANG_CXX_LANGUAGE_STANDARD = "gnu++0x";
				CLANG_CXX_LIBRARY = "libc++";
				CLANG_ENABLE_MODULES = YES;
				CLANG_ENABLE_OBJC_ARC = YES;
				CLANG_WARN_BOOL_CONVERSION = YES;
				CLANG_WARN_CONSTANT_CONVERSION = YES;
				CLANG_WARN_DIRECT_OBJC_ISA_USAGE = YES_ERROR;
				CLANG_WARN_EMPTY_BODY = YES;
				CLANG_WARN_ENUM_CONVERSION = YES;
				CLANG_WARN_INT_CONVERSION = YES;
				CLANG_WARN_OBJC_ROOT_CLASS = YES_ERROR;
				CLANG_WARN__DUPLICATE_METHOD_MATCH = YES;
				"CODE_SIGN_IDENTITY[sdk=iphoneos*]" = "iPhone Developer";
				COPY_PHASE_STRIP = YES;
				ENABLE_NS_ASSERTIONS = NO;
				GCC_C_LANGUAGE_STANDARD = gnu99;
				GCC_WARN_64_TO_32_BIT_CONVERSION = YES;
				GCC_WARN_ABOUT_RETURN_TYPE = YES_ERROR;
				GCC_WARN_UNDECLARED_SELECTOR = YES;
				GCC_WARN_UNINITIALIZED_AUTOS = YES_AGGRESSIVE;
				GCC_WARN_UNUSED_FUNCTION = YES;
				GCC_WARN_UNUSED_VARIABLE = YES;
				IPHONEOS_DEPLOYMENT_TARGET = 7.1;
				SDKROOT = iphoneos;
				VALIDATE_PRODUCT = YES;
			};
			name = Release;
		};
		12EDF0991935DFF700E25920 /* Debug */ = {
			isa = XCBuildConfiguration;
			baseConfigurationReference = 98BE36D9F3AF49B3AC5CAC09 /* Pods.xcconfig */;
			buildSettings = {
				ASSETCATALOG_COMPILER_APPICON_NAME = AppIcon;
				ASSETCATALOG_COMPILER_LAUNCHIMAGE_NAME = LaunchImage;
				CODE_SIGN_IDENTITY = "iPhone Developer";
				GCC_PRECOMPILE_PREFIX_HEADER = YES;
				GCC_PREFIX_HEADER = "enroute-app/enroute-app-Prefix.pch";
				INFOPLIST_FILE = "enroute-app/enroute-app-Info.plist";
				IPHONEOS_DEPLOYMENT_TARGET = 7.1;
				PRODUCT_NAME = "$(TARGET_NAME)";
				TARGETED_DEVICE_FAMILY = 1;
				WRAPPER_EXTENSION = app;
			};
			name = Debug;
		};
		12EDF09A1935DFF700E25920 /* Release */ = {
			isa = XCBuildConfiguration;
			baseConfigurationReference = 98BE36D9F3AF49B3AC5CAC09 /* Pods.xcconfig */;
			buildSettings = {
				ASSETCATALOG_COMPILER_APPICON_NAME = AppIcon;
				ASSETCATALOG_COMPILER_LAUNCHIMAGE_NAME = LaunchImage;
				CODE_SIGN_IDENTITY = "iPhone Developer";
				GCC_PRECOMPILE_PREFIX_HEADER = YES;
				GCC_PREFIX_HEADER = "enroute-app/enroute-app-Prefix.pch";
				INFOPLIST_FILE = "enroute-app/enroute-app-Info.plist";
				IPHONEOS_DEPLOYMENT_TARGET = 7.1;
				PRODUCT_NAME = "$(TARGET_NAME)";
				TARGETED_DEVICE_FAMILY = 1;
				WRAPPER_EXTENSION = app;
			};
			name = Release;
		};
		12EDF09C1935DFF700E25920 /* Debug */ = {
			isa = XCBuildConfiguration;
			buildSettings = {
				BUNDLE_LOADER = "$(BUILT_PRODUCTS_DIR)/enroute-app.app/enroute-app";
				FRAMEWORK_SEARCH_PATHS = (
					"$(SDKROOT)/Developer/Library/Frameworks",
					"$(inherited)",
					"$(DEVELOPER_FRAMEWORKS_DIR)",
				);
				GCC_PRECOMPILE_PREFIX_HEADER = YES;
				GCC_PREFIX_HEADER = "enroute-app/enroute-app-Prefix.pch";
				GCC_PREPROCESSOR_DEFINITIONS = (
					"DEBUG=1",
					"$(inherited)",
				);
				INFOPLIST_FILE = "enroute-appTests/enroute-appTests-Info.plist";
				PRODUCT_NAME = "$(TARGET_NAME)";
				TEST_HOST = "$(BUNDLE_LOADER)";
				WRAPPER_EXTENSION = xctest;
			};
			name = Debug;
		};
		12EDF09D1935DFF700E25920 /* Release */ = {
			isa = XCBuildConfiguration;
			buildSettings = {
				BUNDLE_LOADER = "$(BUILT_PRODUCTS_DIR)/enroute-app.app/enroute-app";
				FRAMEWORK_SEARCH_PATHS = (
					"$(SDKROOT)/Developer/Library/Frameworks",
					"$(inherited)",
					"$(DEVELOPER_FRAMEWORKS_DIR)",
				);
				GCC_PRECOMPILE_PREFIX_HEADER = YES;
				GCC_PREFIX_HEADER = "enroute-app/enroute-app-Prefix.pch";
				INFOPLIST_FILE = "enroute-appTests/enroute-appTests-Info.plist";
				PRODUCT_NAME = "$(TARGET_NAME)";
				TEST_HOST = "$(BUNDLE_LOADER)";
				WRAPPER_EXTENSION = xctest;
			};
			name = Release;
		};
/* End XCBuildConfiguration section */

/* Begin XCConfigurationList section */
		12EDF0671935DFF700E25920 /* Build configuration list for PBXProject "enroute-app" */ = {
			isa = XCConfigurationList;
			buildConfigurations = (
				12EDF0961935DFF700E25920 /* Debug */,
				12EDF0971935DFF700E25920 /* Release */,
			);
			defaultConfigurationIsVisible = 0;
			defaultConfigurationName = Release;
		};
		12EDF0981935DFF700E25920 /* Build configuration list for PBXNativeTarget "enroute-app" */ = {
			isa = XCConfigurationList;
			buildConfigurations = (
				12EDF0991935DFF700E25920 /* Debug */,
				12EDF09A1935DFF700E25920 /* Release */,
			);
			defaultConfigurationIsVisible = 0;
			defaultConfigurationName = Release;
		};
		12EDF09B1935DFF700E25920 /* Build configuration list for PBXNativeTarget "enroute-appTests" */ = {
			isa = XCConfigurationList;
			buildConfigurations = (
				12EDF09C1935DFF700E25920 /* Debug */,
				12EDF09D1935DFF700E25920 /* Release */,
			);
			defaultConfigurationIsVisible = 0;
			defaultConfigurationName = Release;
		};
/* End XCConfigurationList section */
	};
	rootObject = 12EDF0641935DFF700E25920 /* Project object */;
}
